// !$*UTF8*$!
{
	archiveVersion = 1;
	classes = {
	};
	objectVersion = 50;
	objects = {

/* Begin PBXBuildFile section */
		6A957886B330B150E9239166 /* Pods_SunriseSunsetApp.framework in Frameworks */ = {isa = PBXBuildFile; fileRef = 6C2CFAD7BFC02AD53CE6FDD5 /* Pods_SunriseSunsetApp.framework */; };
		8342144D20B2FD4C0022EF86 /* Alertable.swift in Sources */ = {isa = PBXBuildFile; fileRef = 8342144C20B2FD4C0022EF86 /* Alertable.swift */; };
		83A1482920B2E56D00653657 /* GlobalAppearance.swift in Sources */ = {isa = PBXBuildFile; fileRef = 83A1482820B2E56D00653657 /* GlobalAppearance.swift */; };
		83A1482D20B2E7D500653657 /* DayInfoView.swift in Sources */ = {isa = PBXBuildFile; fileRef = 83A1482C20B2E7D500653657 /* DayInfoView.swift */; };
		83A1482F20B2E82300653657 /* UIView+Extension.swift in Sources */ = {isa = PBXBuildFile; fileRef = 83A1482E20B2E82300653657 /* UIView+Extension.swift */; };
		83A1483120B2E83800653657 /* DayInfoView.xib in Resources */ = {isa = PBXBuildFile; fileRef = 83A1483020B2E83700653657 /* DayInfoView.xib */; };
		83A1483320B2EAFA00653657 /* SpecificCityDayInfoViewController.swift in Sources */ = {isa = PBXBuildFile; fileRef = 83A1483220B2EAFA00653657 /* SpecificCityDayInfoViewController.swift */; };
		83A1483520B2ED4A00653657 /* Constants.swift in Sources */ = {isa = PBXBuildFile; fileRef = 83A1483420B2ED4A00653657 /* Constants.swift */; };
		83E0CE7B20B2A4EE00FE711F /* AppDelegate.swift in Sources */ = {isa = PBXBuildFile; fileRef = 83E0CE7A20B2A4EE00FE711F /* AppDelegate.swift */; };
		83E0CE8020B2A4EE00FE711F /* Main.storyboard in Resources */ = {isa = PBXBuildFile; fileRef = 83E0CE7E20B2A4EE00FE711F /* Main.storyboard */; };
		83E0CE8220B2A4F000FE711F /* Assets.xcassets in Resources */ = {isa = PBXBuildFile; fileRef = 83E0CE8120B2A4F000FE711F /* Assets.xcassets */; };
		83E0CE8520B2A4F000FE711F /* LaunchScreen.storyboard in Resources */ = {isa = PBXBuildFile; fileRef = 83E0CE8320B2A4F000FE711F /* LaunchScreen.storyboard */; };
		83E0CE9420B2ADB400FE711F /* NetworkService.swift in Sources */ = {isa = PBXBuildFile; fileRef = 83E0CE9320B2ADB400FE711F /* NetworkService.swift */; };
		83E0CE9720B2ADF600FE711F /* Endpoint.swift in Sources */ = {isa = PBXBuildFile; fileRef = 83E0CE9620B2ADF600FE711F /* Endpoint.swift */; };
		83E0CE9920B2AE2500FE711F /* SunriseSunsetEndpoint.swift in Sources */ = {isa = PBXBuildFile; fileRef = 83E0CE9820B2AE2500FE711F /* SunriseSunsetEndpoint.swift */; };
		83E0CE9C20B2AF6800FE711F /* Date+Extension.swift in Sources */ = {isa = PBXBuildFile; fileRef = 83E0CE9B20B2AF6800FE711F /* Date+Extension.swift */; };
		83E0CE9E20B2AF7300FE711F /* String+Extension.swift in Sources */ = {isa = PBXBuildFile; fileRef = 83E0CE9D20B2AF7300FE711F /* String+Extension.swift */; };
		83E0CEA020B2B0B800FE711F /* Reachability.swift in Sources */ = {isa = PBXBuildFile; fileRef = 83E0CE9F20B2B0B800FE711F /* Reachability.swift */; };
		83E0CEA220B2B0CA00FE711F /* ResponseError.swift in Sources */ = {isa = PBXBuildFile; fileRef = 83E0CEA120B2B0CA00FE711F /* ResponseError.swift */; };
		83E0CEA520B2B16900FE711F /* DayInfo.swift in Sources */ = {isa = PBXBuildFile; fileRef = 83E0CEA420B2B16900FE711F /* DayInfo.swift */; };
		83E0CEA720B2B57400FE711F /* DataManager.swift in Sources */ = {isa = PBXBuildFile; fileRef = 83E0CEA620B2B57400FE711F /* DataManager.swift */; };
		83E0CEA920B2B97700FE711F /* Parser.swift in Sources */ = {isa = PBXBuildFile; fileRef = 83E0CEA820B2B97700FE711F /* Parser.swift */; };
		83E0CEAB20B2BB8D00FE711F /* LocationDayInfoViewController.swift in Sources */ = {isa = PBXBuildFile; fileRef = 83E0CEAA20B2BB8D00FE711F /* LocationDayInfoViewController.swift */; };
		83E0CEAD20B2BCCA00FE711F /* LocationManager.swift in Sources */ = {isa = PBXBuildFile; fileRef = 83E0CEAC20B2BCCA00FE711F /* LocationManager.swift */; };
/* End PBXBuildFile section */

/* Begin PBXFileReference section */
		6C2CFAD7BFC02AD53CE6FDD5 /* Pods_SunriseSunsetApp.framework */ = {isa = PBXFileReference; explicitFileType = wrapper.framework; includeInIndex = 0; path = Pods_SunriseSunsetApp.framework; sourceTree = BUILT_PRODUCTS_DIR; };
		8342144C20B2FD4C0022EF86 /* Alertable.swift */ = {isa = PBXFileReference; lastKnownFileType = sourcecode.swift; path = Alertable.swift; sourceTree = "<group>"; };
		83A1482820B2E56D00653657 /* GlobalAppearance.swift */ = {isa = PBXFileReference; fileEncoding = 4; lastKnownFileType = sourcecode.swift; path = GlobalAppearance.swift; sourceTree = "<group>"; };
		83A1482C20B2E7D500653657 /* DayInfoView.swift */ = {isa = PBXFileReference; lastKnownFileType = sourcecode.swift; path = DayInfoView.swift; sourceTree = "<group>"; };
		83A1482E20B2E82300653657 /* UIView+Extension.swift */ = {isa = PBXFileReference; lastKnownFileType = sourcecode.swift; path = "UIView+Extension.swift"; sourceTree = "<group>"; };
		83A1483020B2E83700653657 /* DayInfoView.xib */ = {isa = PBXFileReference; lastKnownFileType = file.xib; path = DayInfoView.xib; sourceTree = "<group>"; };
		83A1483220B2EAFA00653657 /* SpecificCityDayInfoViewController.swift */ = {isa = PBXFileReference; lastKnownFileType = sourcecode.swift; path = SpecificCityDayInfoViewController.swift; sourceTree = "<group>"; };
		83A1483420B2ED4A00653657 /* Constants.swift */ = {isa = PBXFileReference; lastKnownFileType = sourcecode.swift; path = Constants.swift; sourceTree = "<group>"; };
		83E0CE7720B2A4EE00FE711F /* SunriseSunsetApp.app */ = {isa = PBXFileReference; explicitFileType = wrapper.application; includeInIndex = 0; path = SunriseSunsetApp.app; sourceTree = BUILT_PRODUCTS_DIR; };
		83E0CE7A20B2A4EE00FE711F /* AppDelegate.swift */ = {isa = PBXFileReference; lastKnownFileType = sourcecode.swift; path = AppDelegate.swift; sourceTree = "<group>"; };
		83E0CE7F20B2A4EE00FE711F /* Base */ = {isa = PBXFileReference; lastKnownFileType = file.storyboard; name = Base; path = Base.lproj/Main.storyboard; sourceTree = "<group>"; };
		83E0CE8120B2A4F000FE711F /* Assets.xcassets */ = {isa = PBXFileReference; lastKnownFileType = folder.assetcatalog; path = Assets.xcassets; sourceTree = "<group>"; };
		83E0CE8420B2A4F000FE711F /* Base */ = {isa = PBXFileReference; lastKnownFileType = file.storyboard; name = Base; path = Base.lproj/LaunchScreen.storyboard; sourceTree = "<group>"; };
		83E0CE8620B2A4F000FE711F /* Info.plist */ = {isa = PBXFileReference; lastKnownFileType = text.plist.xml; path = Info.plist; sourceTree = "<group>"; };
		83E0CE9320B2ADB400FE711F /* NetworkService.swift */ = {isa = PBXFileReference; lastKnownFileType = sourcecode.swift; path = NetworkService.swift; sourceTree = "<group>"; };
		83E0CE9620B2ADF600FE711F /* Endpoint.swift */ = {isa = PBXFileReference; lastKnownFileType = sourcecode.swift; path = Endpoint.swift; sourceTree = "<group>"; };
		83E0CE9820B2AE2500FE711F /* SunriseSunsetEndpoint.swift */ = {isa = PBXFileReference; lastKnownFileType = sourcecode.swift; path = SunriseSunsetEndpoint.swift; sourceTree = "<group>"; };
		83E0CE9B20B2AF6800FE711F /* Date+Extension.swift */ = {isa = PBXFileReference; lastKnownFileType = sourcecode.swift; path = "Date+Extension.swift"; sourceTree = "<group>"; };
		83E0CE9D20B2AF7300FE711F /* String+Extension.swift */ = {isa = PBXFileReference; lastKnownFileType = sourcecode.swift; path = "String+Extension.swift"; sourceTree = "<group>"; };
		83E0CE9F20B2B0B800FE711F /* Reachability.swift */ = {isa = PBXFileReference; lastKnownFileType = sourcecode.swift; path = Reachability.swift; sourceTree = "<group>"; };
		83E0CEA120B2B0CA00FE711F /* ResponseError.swift */ = {isa = PBXFileReference; lastKnownFileType = sourcecode.swift; path = ResponseError.swift; sourceTree = "<group>"; };
		83E0CEA420B2B16900FE711F /* DayInfo.swift */ = {isa = PBXFileReference; lastKnownFileType = sourcecode.swift; path = DayInfo.swift; sourceTree = "<group>"; };
		83E0CEA620B2B57400FE711F /* DataManager.swift */ = {isa = PBXFileReference; lastKnownFileType = sourcecode.swift; path = DataManager.swift; sourceTree = "<group>"; };
		83E0CEA820B2B97700FE711F /* Parser.swift */ = {isa = PBXFileReference; lastKnownFileType = sourcecode.swift; path = Parser.swift; sourceTree = "<group>"; };
		83E0CEAA20B2BB8D00FE711F /* LocationDayInfoViewController.swift */ = {isa = PBXFileReference; lastKnownFileType = sourcecode.swift; path = LocationDayInfoViewController.swift; sourceTree = "<group>"; };
		83E0CEAC20B2BCCA00FE711F /* LocationManager.swift */ = {isa = PBXFileReference; lastKnownFileType = sourcecode.swift; path = LocationManager.swift; sourceTree = "<group>"; };
		C5E06087A6411032BFCD36EE /* Pods-SunriseSunsetApp.release.xcconfig */ = {isa = PBXFileReference; includeInIndex = 1; lastKnownFileType = text.xcconfig; name = "Pods-SunriseSunsetApp.release.xcconfig"; path = "Pods/Target Support Files/Pods-SunriseSunsetApp/Pods-SunriseSunsetApp.release.xcconfig"; sourceTree = "<group>"; };
		CC6E6274CBADDF478CEA72BB /* Pods-SunriseSunsetApp.debug.xcconfig */ = {isa = PBXFileReference; includeInIndex = 1; lastKnownFileType = text.xcconfig; name = "Pods-SunriseSunsetApp.debug.xcconfig"; path = "Pods/Target Support Files/Pods-SunriseSunsetApp/Pods-SunriseSunsetApp.debug.xcconfig"; sourceTree = "<group>"; };
/* End PBXFileReference section */

/* Begin PBXFrameworksBuildPhase section */
		83E0CE7420B2A4EE00FE711F /* Frameworks */ = {
			isa = PBXFrameworksBuildPhase;
			buildActionMask = 2147483647;
			files = (
				6A957886B330B150E9239166 /* Pods_SunriseSunsetApp.framework in Frameworks */,
			);
			runOnlyForDeploymentPostprocessing = 0;
		};
/* End PBXFrameworksBuildPhase section */

/* Begin PBXGroup section */
		05C376E430A7BBBA74B38E2E /* Pods */ = {
			isa = PBXGroup;
			children = (
				CC6E6274CBADDF478CEA72BB /* Pods-SunriseSunsetApp.debug.xcconfig */,
				C5E06087A6411032BFCD36EE /* Pods-SunriseSunsetApp.release.xcconfig */,
			);
			name = Pods;
			sourceTree = "<group>";
		};
		5FFE5FE56590F3977E13E3C6 /* Frameworks */ = {
			isa = PBXGroup;
			children = (
				6C2CFAD7BFC02AD53CE6FDD5 /* Pods_SunriseSunsetApp.framework */,
			);
			name = Frameworks;
			sourceTree = "<group>";
		};
		8342144B20B2FD280022EF86 /* Protocolos */ = {
			isa = PBXGroup;
			children = (
				8342144C20B2FD4C0022EF86 /* Alertable.swift */,
			);
			path = Protocolos;
			sourceTree = "<group>";
		};
		83A1482720B2E56D00653657 /* Helpers */ = {
			isa = PBXGroup;
			children = (
				83A1482820B2E56D00653657 /* GlobalAppearance.swift */,
				83A1483420B2ED4A00653657 /* Constants.swift */,
			);
			path = Helpers;
			sourceTree = "<group>";
		};
		83A1482A20B2E6C100653657 /* Views */ = {
			isa = PBXGroup;
			children = (
				83A1482B20B2E7B800653657 /* DayInfoView */,
			);
			path = Views;
			sourceTree = "<group>";
		};
		83A1482B20B2E7B800653657 /* DayInfoView */ = {
			isa = PBXGroup;
			children = (
				83A1482C20B2E7D500653657 /* DayInfoView.swift */,
				83A1483020B2E83700653657 /* DayInfoView.xib */,
			);
			path = DayInfoView;
			sourceTree = "<group>";
		};
		83E0CE6E20B2A4EE00FE711F = {
			isa = PBXGroup;
			children = (
				83E0CE7920B2A4EE00FE711F /* SunriseSunsetApp */,
				83E0CE7820B2A4EE00FE711F /* Products */,
				05C376E430A7BBBA74B38E2E /* Pods */,
				5FFE5FE56590F3977E13E3C6 /* Frameworks */,
			);
			sourceTree = "<group>";
		};
		83E0CE7820B2A4EE00FE711F /* Products */ = {
			isa = PBXGroup;
			children = (
				83E0CE7720B2A4EE00FE711F /* SunriseSunsetApp.app */,
			);
			name = Products;
			sourceTree = "<group>";
		};
		83E0CE7920B2A4EE00FE711F /* SunriseSunsetApp */ = {
			isa = PBXGroup;
			children = (
				83E0CE8D20B2ACC700FE711F /* CoreLayer */,
				83E0CE8F20B2AD0300FE711F /* BussinessLogicLayer */,
				83E0CE8E20B2ACE000FE711F /* PresentationLayer */,
				83E0CE9020B2AD3900FE711F /* ApplicationLayer */,
			);
			path = SunriseSunsetApp;
			sourceTree = "<group>";
		};
		83E0CE8D20B2ACC700FE711F /* CoreLayer */ = {
			isa = PBXGroup;
			children = (
				8342144B20B2FD280022EF86 /* Protocolos */,
				83A1482720B2E56D00653657 /* Helpers */,
				83E0CE9A20B2AF3400FE711F /* Extensions */,
			);
			path = CoreLayer;
			sourceTree = "<group>";
		};
		83E0CE8E20B2ACE000FE711F /* PresentationLayer */ = {
			isa = PBXGroup;
			children = (
				83A1482A20B2E6C100653657 /* Views */,
				83E0CE9120B2AD6600FE711F /* Controllers */,
			);
			path = PresentationLayer;
			sourceTree = "<group>";
		};
		83E0CE8F20B2AD0300FE711F /* BussinessLogicLayer */ = {
			isa = PBXGroup;
			children = (
				83E0CEA620B2B57400FE711F /* DataManager.swift */,
				83E0CEAC20B2BCCA00FE711F /* LocationManager.swift */,
				83E0CEA820B2B97700FE711F /* Parser.swift */,
				83E0CEA320B2B11100FE711F /* Entities */,
				83E0CE9220B2AD8F00FE711F /* NetworkLayer */,
			);
			path = BussinessLogicLayer;
			sourceTree = "<group>";
		};
		83E0CE9020B2AD3900FE711F /* ApplicationLayer */ = {
			isa = PBXGroup;
			children = (
				83E0CE8120B2A4F000FE711F /* Assets.xcassets */,
				83E0CE8320B2A4F000FE711F /* LaunchScreen.storyboard */,
				83E0CE8620B2A4F000FE711F /* Info.plist */,
				83E0CE7A20B2A4EE00FE711F /* AppDelegate.swift */,
			);
			path = ApplicationLayer;
			sourceTree = "<group>";
		};
		83E0CE9120B2AD6600FE711F /* Controllers */ = {
			isa = PBXGroup;
			children = (
				83E0CE7E20B2A4EE00FE711F /* Main.storyboard */,
				83E0CEAA20B2BB8D00FE711F /* LocationDayInfoViewController.swift */,
				83A1483220B2EAFA00653657 /* SpecificCityDayInfoViewController.swift */,
			);
			path = Controllers;
			sourceTree = "<group>";
		};
		83E0CE9220B2AD8F00FE711F /* NetworkLayer */ = {
			isa = PBXGroup;
			children = (
				83E0CE9520B2ADE600FE711F /* Endpoints */,
				83E0CE9320B2ADB400FE711F /* NetworkService.swift */,
				83E0CE9F20B2B0B800FE711F /* Reachability.swift */,
				83E0CEA120B2B0CA00FE711F /* ResponseError.swift */,
			);
			path = NetworkLayer;
			sourceTree = "<group>";
		};
		83E0CE9520B2ADE600FE711F /* Endpoints */ = {
			isa = PBXGroup;
			children = (
				83E0CE9620B2ADF600FE711F /* Endpoint.swift */,
				83E0CE9820B2AE2500FE711F /* SunriseSunsetEndpoint.swift */,
			);
			path = Endpoints;
			sourceTree = "<group>";
		};
		83E0CE9A20B2AF3400FE711F /* Extensions */ = {
			isa = PBXGroup;
			children = (
				83E0CE9B20B2AF6800FE711F /* Date+Extension.swift */,
				83E0CE9D20B2AF7300FE711F /* String+Extension.swift */,
				83A1482E20B2E82300653657 /* UIView+Extension.swift */,
			);
			path = Extensions;
			sourceTree = "<group>";
		};
		83E0CEA320B2B11100FE711F /* Entities */ = {
			isa = PBXGroup;
			children = (
				83E0CEA420B2B16900FE711F /* DayInfo.swift */,
			);
			path = Entities;
			sourceTree = "<group>";
		};
/* End PBXGroup section */

/* Begin PBXNativeTarget section */
		83E0CE7620B2A4EE00FE711F /* SunriseSunsetApp */ = {
			isa = PBXNativeTarget;
			buildConfigurationList = 83E0CE8920B2A4F000FE711F /* Build configuration list for PBXNativeTarget "SunriseSunsetApp" */;
			buildPhases = (
				9D70D3458D13E979B5DEBF0A /* [CP] Check Pods Manifest.lock */,
				83E0CE7320B2A4EE00FE711F /* Sources */,
				83E0CE7420B2A4EE00FE711F /* Frameworks */,
				83E0CE7520B2A4EE00FE711F /* Resources */,
				284B85BBE8B4B3C586B8B3A5 /* [CP] Embed Pods Frameworks */,
				AA62C12F5C2C69F731E060FD /* [CP] Copy Pods Resources */,
			);
			buildRules = (
			);
			dependencies = (
			);
			name = SunriseSunsetApp;
			productName = SunriseSunsetApp;
			productReference = 83E0CE7720B2A4EE00FE711F /* SunriseSunsetApp.app */;
			productType = "com.apple.product-type.application";
		};
/* End PBXNativeTarget section */

/* Begin PBXProject section */
		83E0CE6F20B2A4EE00FE711F /* Project object */ = {
			isa = PBXProject;
			attributes = {
				LastSwiftUpdateCheck = 0930;
				LastUpgradeCheck = 0930;
				ORGANIZATIONNAME = "Maksym Husar";
				TargetAttributes = {
					83E0CE7620B2A4EE00FE711F = {
						CreatedOnToolsVersion = 9.3;
					};
				};
			};
			buildConfigurationList = 83E0CE7220B2A4EE00FE711F /* Build configuration list for PBXProject "SunriseSunsetApp" */;
			compatibilityVersion = "Xcode 9.3";
			developmentRegion = en;
			hasScannedForEncodings = 0;
			knownRegions = (
				en,
				Base,
			);
			mainGroup = 83E0CE6E20B2A4EE00FE711F;
			productRefGroup = 83E0CE7820B2A4EE00FE711F /* Products */;
			projectDirPath = "";
			projectRoot = "";
			targets = (
				83E0CE7620B2A4EE00FE711F /* SunriseSunsetApp */,
			);
		};
/* End PBXProject section */

/* Begin PBXResourcesBuildPhase section */
		83E0CE7520B2A4EE00FE711F /* Resources */ = {
			isa = PBXResourcesBuildPhase;
			buildActionMask = 2147483647;
			files = (
				83E0CE8520B2A4F000FE711F /* LaunchScreen.storyboard in Resources */,
				83A1483120B2E83800653657 /* DayInfoView.xib in Resources */,
				83E0CE8220B2A4F000FE711F /* Assets.xcassets in Resources */,
				83E0CE8020B2A4EE00FE711F /* Main.storyboard in Resources */,
			);
			runOnlyForDeploymentPostprocessing = 0;
		};
/* End PBXResourcesBuildPhase section */

/* Begin PBXShellScriptBuildPhase section */
		284B85BBE8B4B3C586B8B3A5 /* [CP] Embed Pods Frameworks */ = {
			isa = PBXShellScriptBuildPhase;
			buildActionMask = 2147483647;
			files = (
			);
			inputPaths = (
				"${SRCROOT}/Pods/Target Support Files/Pods-SunriseSunsetApp/Pods-SunriseSunsetApp-frameworks.sh",
				"${BUILT_PRODUCTS_DIR}/Alamofire/Alamofire.framework",
				"${BUILT_PRODUCTS_DIR}/DateTimePicker/DateTimePicker.framework",
				"${BUILT_PRODUCTS_DIR}/SwiftyJSON/SwiftyJSON.framework",
			);
			name = "[CP] Embed Pods Frameworks";
			outputPaths = (
				"${TARGET_BUILD_DIR}/${FRAMEWORKS_FOLDER_PATH}/Alamofire.framework",
				"${TARGET_BUILD_DIR}/${FRAMEWORKS_FOLDER_PATH}/DateTimePicker.framework",
				"${TARGET_BUILD_DIR}/${FRAMEWORKS_FOLDER_PATH}/SwiftyJSON.framework",
			);
			runOnlyForDeploymentPostprocessing = 0;
			shellPath = /bin/sh;
			shellScript = "\"${SRCROOT}/Pods/Target Support Files/Pods-SunriseSunsetApp/Pods-SunriseSunsetApp-frameworks.sh\"\n";
			showEnvVarsInLog = 0;
		};
		9D70D3458D13E979B5DEBF0A /* [CP] Check Pods Manifest.lock */ = {
			isa = PBXShellScriptBuildPhase;
			buildActionMask = 2147483647;
			files = (
			);
			inputPaths = (
				"${PODS_PODFILE_DIR_PATH}/Podfile.lock",
				"${PODS_ROOT}/Manifest.lock",
			);
			name = "[CP] Check Pods Manifest.lock";
			outputPaths = (
				"$(DERIVED_FILE_DIR)/Pods-SunriseSunsetApp-checkManifestLockResult.txt",
			);
			runOnlyForDeploymentPostprocessing = 0;
			shellPath = /bin/sh;
			shellScript = "diff \"${PODS_PODFILE_DIR_PATH}/Podfile.lock\" \"${PODS_ROOT}/Manifest.lock\" > /dev/null\nif [ $? != 0 ] ; then\n    # print error to STDERR\n    echo \"error: The sandbox is not in sync with the Podfile.lock. Run 'pod install' or update your CocoaPods installation.\" >&2\n    exit 1\nfi\n# This output is used by Xcode 'outputs' to avoid re-running this script phase.\necho \"SUCCESS\" > \"${SCRIPT_OUTPUT_FILE_0}\"\n";
			showEnvVarsInLog = 0;
		};
		AA62C12F5C2C69F731E060FD /* [CP] Copy Pods Resources */ = {
			isa = PBXShellScriptBuildPhase;
			buildActionMask = 2147483647;
			files = (
			);
			inputPaths = (
				"${SRCROOT}/Pods/Target Support Files/Pods-SunriseSunsetApp/Pods-SunriseSunsetApp-resources.sh",
				"${PODS_ROOT}/GooglePlaces/Frameworks/GooglePlaces.framework/Resources/GooglePlaces.bundle",
			);
			name = "[CP] Copy Pods Resources";
			outputPaths = (
				"${TARGET_BUILD_DIR}/${UNLOCALIZED_RESOURCES_FOLDER_PATH}/GooglePlaces.bundle",
			);
			runOnlyForDeploymentPostprocessing = 0;
			shellPath = /bin/sh;
			shellScript = "\"${SRCROOT}/Pods/Target Support Files/Pods-SunriseSunsetApp/Pods-SunriseSunsetApp-resources.sh\"\n";
			showEnvVarsInLog = 0;
		};
/* End PBXShellScriptBuildPhase section */

/* Begin PBXSourcesBuildPhase section */
		83E0CE7320B2A4EE00FE711F /* Sources */ = {
			isa = PBXSourcesBuildPhase;
			buildActionMask = 2147483647;
			files = (
				83A1482D20B2E7D500653657 /* DayInfoView.swift in Sources */,
				83E0CEA020B2B0B800FE711F /* Reachability.swift in Sources */,
				83A1483320B2EAFA00653657 /* SpecificCityDayInfoViewController.swift in Sources */,
				83A1482F20B2E82300653657 /* UIView+Extension.swift in Sources */,
				83E0CEA920B2B97700FE711F /* Parser.swift in Sources */,
				83E0CEA720B2B57400FE711F /* DataManager.swift in Sources */,
				83E0CE9C20B2AF6800FE711F /* Date+Extension.swift in Sources */,
				83E0CE9420B2ADB400FE711F /* NetworkService.swift in Sources */,
				83E0CEA520B2B16900FE711F /* DayInfo.swift in Sources */,
				83E0CE9720B2ADF600FE711F /* Endpoint.swift in Sources */,
				83E0CEAB20B2BB8D00FE711F /* LocationDayInfoViewController.swift in Sources */,
				8342144D20B2FD4C0022EF86 /* Alertable.swift in Sources */,
				83A1482920B2E56D00653657 /* GlobalAppearance.swift in Sources */,
				83E0CE9920B2AE2500FE711F /* SunriseSunsetEndpoint.swift in Sources */,
				83E0CE9E20B2AF7300FE711F /* String+Extension.swift in Sources */,
				83E0CE7B20B2A4EE00FE711F /* AppDelegate.swift in Sources */,
				83E0CEA220B2B0CA00FE711F /* ResponseError.swift in Sources */,
				83E0CEAD20B2BCCA00FE711F /* LocationManager.swift in Sources */,
				83A1483520B2ED4A00653657 /* Constants.swift in Sources */,
			);
			runOnlyForDeploymentPostprocessing = 0;
		};
/* End PBXSourcesBuildPhase section */

/* Begin PBXVariantGroup section */
		83E0CE7E20B2A4EE00FE711F /* Main.storyboard */ = {
			isa = PBXVariantGroup;
			children = (
				83E0CE7F20B2A4EE00FE711F /* Base */,
			);
			name = Main.storyboard;
			sourceTree = "<group>";
		};
		83E0CE8320B2A4F000FE711F /* LaunchScreen.storyboard */ = {
			isa = PBXVariantGroup;
			children = (
				83E0CE8420B2A4F000FE711F /* Base */,
			);
			name = LaunchScreen.storyboard;
			sourceTree = "<group>";
		};
/* End PBXVariantGroup section */

/* Begin XCBuildConfiguration section */
		83E0CE8720B2A4F000FE711F /* Debug */ = {
			isa = XCBuildConfiguration;
			buildSettings = {
				ALWAYS_SEARCH_USER_PATHS = NO;
				CLANG_ANALYZER_NONNULL = YES;
				CLANG_ANALYZER_NUMBER_OBJECT_CONVERSION = YES_AGGRESSIVE;
				CLANG_CXX_LANGUAGE_STANDARD = "gnu++14";
				CLANG_CXX_LIBRARY = "libc++";
				CLANG_ENABLE_MODULES = YES;
				CLANG_ENABLE_OBJC_ARC = YES;
				CLANG_ENABLE_OBJC_WEAK = YES;
				CLANG_WARN_BLOCK_CAPTURE_AUTORELEASING = YES;
				CLANG_WARN_BOOL_CONVERSION = YES;
				CLANG_WARN_COMMA = YES;
				CLANG_WARN_CONSTANT_CONVERSION = YES;
				CLANG_WARN_DEPRECATED_OBJC_IMPLEMENTATIONS = YES;
				CLANG_WARN_DIRECT_OBJC_ISA_USAGE = YES_ERROR;
				CLANG_WARN_DOCUMENTATION_COMMENTS = YES;
				CLANG_WARN_EMPTY_BODY = YES;
				CLANG_WARN_ENUM_CONVERSION = YES;
				CLANG_WARN_INFINITE_RECURSION = YES;
				CLANG_WARN_INT_CONVERSION = YES;
				CLANG_WARN_NON_LITERAL_NULL_CONVERSION = YES;
				CLANG_WARN_OBJC_IMPLICIT_RETAIN_SELF = YES;
				CLANG_WARN_OBJC_LITERAL_CONVERSION = YES;
				CLANG_WARN_OBJC_ROOT_CLASS = YES_ERROR;
				CLANG_WARN_RANGE_LOOP_ANALYSIS = YES;
				CLANG_WARN_STRICT_PROTOTYPES = YES;
				CLANG_WARN_SUSPICIOUS_MOVE = YES;
				CLANG_WARN_UNGUARDED_AVAILABILITY = YES_AGGRESSIVE;
				CLANG_WARN_UNREACHABLE_CODE = YES;
				CLANG_WARN__DUPLICATE_METHOD_MATCH = YES;
				CODE_SIGN_IDENTITY = "iPhone Developer";
				COPY_PHASE_STRIP = NO;
				DEBUG_INFORMATION_FORMAT = dwarf;
				ENABLE_STRICT_OBJC_MSGSEND = YES;
				ENABLE_TESTABILITY = YES;
				GCC_C_LANGUAGE_STANDARD = gnu11;
				GCC_DYNAMIC_NO_PIC = NO;
				GCC_NO_COMMON_BLOCKS = YES;
				GCC_OPTIMIZATION_LEVEL = 0;
				GCC_PREPROCESSOR_DEFINITIONS = (
					"DEBUG=1",
					"$(inherited)",
				);
				GCC_WARN_64_TO_32_BIT_CONVERSION = YES;
				GCC_WARN_ABOUT_RETURN_TYPE = YES_ERROR;
				GCC_WARN_UNDECLARED_SELECTOR = YES;
				GCC_WARN_UNINITIALIZED_AUTOS = YES_AGGRESSIVE;
				GCC_WARN_UNUSED_FUNCTION = YES;
				GCC_WARN_UNUSED_VARIABLE = YES;
				IPHONEOS_DEPLOYMENT_TARGET = 11.3;
				MTL_ENABLE_DEBUG_INFO = YES;
				ONLY_ACTIVE_ARCH = YES;
				SDKROOT = iphoneos;
				SWIFT_ACTIVE_COMPILATION_CONDITIONS = DEBUG;
				SWIFT_OPTIMIZATION_LEVEL = "-Onone";
			};
			name = Debug;
		};
		83E0CE8820B2A4F000FE711F /* Release */ = {
			isa = XCBuildConfiguration;
			buildSettings = {
				ALWAYS_SEARCH_USER_PATHS = NO;
				CLANG_ANALYZER_NONNULL = YES;
				CLANG_ANALYZER_NUMBER_OBJECT_CONVERSION = YES_AGGRESSIVE;
				CLANG_CXX_LANGUAGE_STANDARD = "gnu++14";
				CLANG_CXX_LIBRARY = "libc++";
				CLANG_ENABLE_MODULES = YES;
				CLANG_ENABLE_OBJC_ARC = YES;
				CLANG_ENABLE_OBJC_WEAK = YES;
				CLANG_WARN_BLOCK_CAPTURE_AUTORELEASING = YES;
				CLANG_WARN_BOOL_CONVERSION = YES;
				CLANG_WARN_COMMA = YES;
				CLANG_WARN_CONSTANT_CONVERSION = YES;
				CLANG_WARN_DEPRECATED_OBJC_IMPLEMENTATIONS = YES;
				CLANG_WARN_DIRECT_OBJC_ISA_USAGE = YES_ERROR;
				CLANG_WARN_DOCUMENTATION_COMMENTS = YES;
				CLANG_WARN_EMPTY_BODY = YES;
				CLANG_WARN_ENUM_CONVERSION = YES;
				CLANG_WARN_INFINITE_RECURSION = YES;
				CLANG_WARN_INT_CONVERSION = YES;
				CLANG_WARN_NON_LITERAL_NULL_CONVERSION = YES;
				CLANG_WARN_OBJC_IMPLICIT_RETAIN_SELF = YES;
				CLANG_WARN_OBJC_LITERAL_CONVERSION = YES;
				CLANG_WARN_OBJC_ROOT_CLASS = YES_ERROR;
				CLANG_WARN_RANGE_LOOP_ANALYSIS = YES;
				CLANG_WARN_STRICT_PROTOTYPES = YES;
				CLANG_WARN_SUSPICIOUS_MOVE = YES;
				CLANG_WARN_UNGUARDED_AVAILABILITY = YES_AGGRESSIVE;
				CLANG_WARN_UNREACHABLE_CODE = YES;
				CLANG_WARN__DUPLICATE_METHOD_MATCH = YES;
				CODE_SIGN_IDENTITY = "iPhone Developer";
				COPY_PHASE_STRIP = NO;
				DEBUG_INFORMATION_FORMAT = "dwarf-with-dsym";
				ENABLE_NS_ASSERTIONS = NO;
				ENABLE_STRICT_OBJC_MSGSEND = YES;
				GCC_C_LANGUAGE_STANDARD = gnu11;
				GCC_NO_COMMON_BLOCKS = YES;
				GCC_WARN_64_TO_32_BIT_CONVERSION = YES;
				GCC_WARN_ABOUT_RETURN_TYPE = YES_ERROR;
				GCC_WARN_UNDECLARED_SELECTOR = YES;
				GCC_WARN_UNINITIALIZED_AUTOS = YES_AGGRESSIVE;
				GCC_WARN_UNUSED_FUNCTION = YES;
				GCC_WARN_UNUSED_VARIABLE = YES;
				IPHONEOS_DEPLOYMENT_TARGET = 11.3;
				MTL_ENABLE_DEBUG_INFO = NO;
				SDKROOT = iphoneos;
				SWIFT_COMPILATION_MODE = wholemodule;
				SWIFT_OPTIMIZATION_LEVEL = "-O";
				VALIDATE_PRODUCT = YES;
			};
			name = Release;
		};
		83E0CE8A20B2A4F000FE711F /* Debug */ = {
			isa = XCBuildConfiguration;
			baseConfigurationReference = CC6E6274CBADDF478CEA72BB /* Pods-SunriseSunsetApp.debug.xcconfig */;
			buildSettings = {
				ASSETCATALOG_COMPILER_APPICON_NAME = AppIcon;
				CODE_SIGN_STYLE = Automatic;
				DEVELOPMENT_TEAM = 9S67XZGB8L;
				INFOPLIST_FILE = "$(SRCROOT)/SunriseSunsetApp/ApplicationLayer/Info.plist";
				LD_RUNPATH_SEARCH_PATHS = (
					"$(inherited)",
					"@executable_path/Frameworks",
				);
				PRODUCT_BUNDLE_IDENTIFIER = com.maksymhusar.SunriseSunsetApp;
				PRODUCT_NAME = "$(TARGET_NAME)";
				SWIFT_VERSION = 4.0;
				TARGETED_DEVICE_FAMILY = "1,2";
			};
			name = Debug;
		};
		83E0CE8B20B2A4F000FE711F /* Release */ = {
			isa = XCBuildConfiguration;
			baseConfigurationReference = C5E06087A6411032BFCD36EE /* Pods-SunriseSunsetApp.release.xcconfig */;
			buildSettings = {
				ASSETCATALOG_COMPILER_APPICON_NAME = AppIcon;
				CODE_SIGN_STYLE = Automatic;
				DEVELOPMENT_TEAM = 9S67XZGB8L;
				INFOPLIST_FILE = "$(SRCROOT)/SunriseSunsetApp/ApplicationLayer/Info.plist";
				LD_RUNPATH_SEARCH_PATHS = (
					"$(inherited)",
					"@executable_path/Frameworks",
				);
				PRODUCT_BUNDLE_IDENTIFIER = com.maksymhusar.SunriseSunsetApp;
				PRODUCT_NAME = "$(TARGET_NAME)";
				SWIFT_VERSION = 4.0;
				TARGETED_DEVICE_FAMILY = "1,2";
			};
			name = Release;
		};
/* End XCBuildConfiguration section */

/* Begin XCConfigurationList section */
		83E0CE7220B2A4EE00FE711F /* Build configuration list for PBXProject "SunriseSunsetApp" */ = {
			isa = XCConfigurationList;
			buildConfigurations = (
				83E0CE8720B2A4F000FE711F /* Debug */,
				83E0CE8820B2A4F000FE711F /* Release */,
			);
			defaultConfigurationIsVisible = 0;
			defaultConfigurationName = Release;
		};
		83E0CE8920B2A4F000FE711F /* Build configuration list for PBXNativeTarget "SunriseSunsetApp" */ = {
			isa = XCConfigurationList;
			buildConfigurations = (
				83E0CE8A20B2A4F000FE711F /* Debug */,
				83E0CE8B20B2A4F000FE711F /* Release */,
			);
			defaultConfigurationIsVisible = 0;
			defaultConfigurationName = Release;
		};
/* End XCConfigurationList section */
	};
	rootObject = 83E0CE6F20B2A4EE00FE711F /* Project object */;
}
